// !$*UTF8*$!
{
	archiveVersion = 1;
	classes = {
	};
	objectVersion = 56;
	objects = {

/* Begin PBXBuildFile section */
		F1188BF92A15EA47002B0835 /* AppDelegate.swift in Sources */ = {isa = PBXBuildFile; fileRef = F1188BF82A15EA47002B0835 /* AppDelegate.swift */; };
		F1188BFB2A15EA47002B0835 /* SceneDelegate.swift in Sources */ = {isa = PBXBuildFile; fileRef = F1188BFA2A15EA47002B0835 /* SceneDelegate.swift */; };
		F1188BFD2A15EA47002B0835 /* HomeViewController.swift in Sources */ = {isa = PBXBuildFile; fileRef = F1188BFC2A15EA47002B0835 /* HomeViewController.swift */; };
		F1188C022A15EA48002B0835 /* Assets.xcassets in Resources */ = {isa = PBXBuildFile; fileRef = F1188C012A15EA48002B0835 /* Assets.xcassets */; };
		F1188C052A15EA48002B0835 /* LaunchScreen.storyboard in Resources */ = {isa = PBXBuildFile; fileRef = F1188C032A15EA48002B0835 /* LaunchScreen.storyboard */; };
		F1188C122A16090A002B0835 /* Clothes.swift in Sources */ = {isa = PBXBuildFile; fileRef = F1188C112A16090A002B0835 /* Clothes.swift */; };
		F11D2B242A173B6700BAD3D7 /* SnapKit in Frameworks */ = {isa = PBXBuildFile; productRef = F11D2B232A173B6700BAD3D7 /* SnapKit */; };
		F1831CC32A1A5C0E0050D50F /* Pretendard-ExtraLight.otf in Resources */ = {isa = PBXBuildFile; fileRef = F1831CBA2A1A5C0E0050D50F /* Pretendard-ExtraLight.otf */; };
		F1831CC42A1A5C0E0050D50F /* Pretendard-Bold.otf in Resources */ = {isa = PBXBuildFile; fileRef = F1831CBB2A1A5C0E0050D50F /* Pretendard-Bold.otf */; };
		F1831CC52A1A5C0E0050D50F /* Pretendard-ExtraBold.otf in Resources */ = {isa = PBXBuildFile; fileRef = F1831CBC2A1A5C0E0050D50F /* Pretendard-ExtraBold.otf */; };
		F1831CC62A1A5C0E0050D50F /* Pretendard-Regular.otf in Resources */ = {isa = PBXBuildFile; fileRef = F1831CBD2A1A5C0E0050D50F /* Pretendard-Regular.otf */; };
		F1831CC72A1A5C0E0050D50F /* Pretendard-Light.otf in Resources */ = {isa = PBXBuildFile; fileRef = F1831CBE2A1A5C0E0050D50F /* Pretendard-Light.otf */; };
		F1831CC82A1A5C0E0050D50F /* Pretendard-Black.otf in Resources */ = {isa = PBXBuildFile; fileRef = F1831CBF2A1A5C0E0050D50F /* Pretendard-Black.otf */; };
		F1831CC92A1A5C0E0050D50F /* Pretendard-Medium.otf in Resources */ = {isa = PBXBuildFile; fileRef = F1831CC02A1A5C0E0050D50F /* Pretendard-Medium.otf */; };
		F1831CCA2A1A5C0E0050D50F /* Pretendard-Thin.otf in Resources */ = {isa = PBXBuildFile; fileRef = F1831CC12A1A5C0E0050D50F /* Pretendard-Thin.otf */; };
		F1831CCB2A1A5C0E0050D50F /* Pretendard-SemiBold.otf in Resources */ = {isa = PBXBuildFile; fileRef = F1831CC22A1A5C0E0050D50F /* Pretendard-SemiBold.otf */; };
		F1831CCD2A1A5E9C0050D50F /* UIFont+.swift in Sources */ = {isa = PBXBuildFile; fileRef = F1831CCC2A1A5E9C0050D50F /* UIFont+.swift */; };
		F1831CD02A1AFA120050D50F /* StyleSet.swift in Sources */ = {isa = PBXBuildFile; fileRef = F1831CCF2A1AFA120050D50F /* StyleSet.swift */; };
		F1831CD22A1B0AD30050D50F /* Season.swift in Sources */ = {isa = PBXBuildFile; fileRef = F1831CD12A1B0AD30050D50F /* Season.swift */; };
		F1831CD42A1B0B0D0050D50F /* ClothesCategory.swift in Sources */ = {isa = PBXBuildFile; fileRef = F1831CD32A1B0B0D0050D50F /* ClothesCategory.swift */; };
		F1831CD82A1B0F050050D50F /* ClothesManager.swift in Sources */ = {isa = PBXBuildFile; fileRef = F1831CD72A1B0F050050D50F /* ClothesManager.swift */; };
		F1831CDC2A1B59C10050D50F /* MyClothesViewController.swift in Sources */ = {isa = PBXBuildFile; fileRef = F1831CDB2A1B59C10050D50F /* MyClothesViewController.swift */; };
		F1831CDE2A1B59FC0050D50F /* MyStyleSetViewController.swift in Sources */ = {isa = PBXBuildFile; fileRef = F1831CDD2A1B59FC0050D50F /* MyStyleSetViewController.swift */; };
		F1831CE02A1B5A3E0050D50F /* TabBarViewController.swift in Sources */ = {isa = PBXBuildFile; fileRef = F1831CDF2A1B5A3E0050D50F /* TabBarViewController.swift */; };
		F1831CE92A1C5C010050D50F /* MyClothesItemCell.swift in Sources */ = {isa = PBXBuildFile; fileRef = F1831CE82A1C5C010050D50F /* MyClothesItemCell.swift */; };
		F1831CEC2A1C6F910050D50F /* ItemFilter.swift in Sources */ = {isa = PBXBuildFile; fileRef = F1831CEB2A1C6F910050D50F /* ItemFilter.swift */; };
		F1831CEE2A1D237F0050D50F /* MyClothesHeaderView.swift in Sources */ = {isa = PBXBuildFile; fileRef = F1831CED2A1D237F0050D50F /* MyClothesHeaderView.swift */; };
/* End PBXBuildFile section */

/* Begin PBXFileReference section */
		F1188BF52A15EA47002B0835 /* loganCloset.app */ = {isa = PBXFileReference; explicitFileType = wrapper.application; includeInIndex = 0; path = loganCloset.app; sourceTree = BUILT_PRODUCTS_DIR; };
		F1188BF82A15EA47002B0835 /* AppDelegate.swift */ = {isa = PBXFileReference; lastKnownFileType = sourcecode.swift; path = AppDelegate.swift; sourceTree = "<group>"; };
		F1188BFA2A15EA47002B0835 /* SceneDelegate.swift */ = {isa = PBXFileReference; lastKnownFileType = sourcecode.swift; path = SceneDelegate.swift; sourceTree = "<group>"; };
		F1188BFC2A15EA47002B0835 /* HomeViewController.swift */ = {isa = PBXFileReference; lastKnownFileType = sourcecode.swift; path = HomeViewController.swift; sourceTree = "<group>"; };
		F1188C012A15EA48002B0835 /* Assets.xcassets */ = {isa = PBXFileReference; lastKnownFileType = folder.assetcatalog; path = Assets.xcassets; sourceTree = "<group>"; };
		F1188C042A15EA48002B0835 /* Base */ = {isa = PBXFileReference; lastKnownFileType = file.storyboard; name = Base; path = Base.lproj/LaunchScreen.storyboard; sourceTree = "<group>"; };
		F1188C062A15EA48002B0835 /* Info.plist */ = {isa = PBXFileReference; lastKnownFileType = text.plist.xml; path = Info.plist; sourceTree = "<group>"; };
		F1188C112A16090A002B0835 /* Clothes.swift */ = {isa = PBXFileReference; lastKnownFileType = sourcecode.swift; path = Clothes.swift; sourceTree = "<group>"; };
		F1831CBA2A1A5C0E0050D50F /* Pretendard-ExtraLight.otf */ = {isa = PBXFileReference; lastKnownFileType = file; name = "Pretendard-ExtraLight.otf"; path = "../../../Fonts/Pretendard-ExtraLight.otf"; sourceTree = "<group>"; };
		F1831CBB2A1A5C0E0050D50F /* Pretendard-Bold.otf */ = {isa = PBXFileReference; lastKnownFileType = file; name = "Pretendard-Bold.otf"; path = "../../../Fonts/Pretendard-Bold.otf"; sourceTree = "<group>"; };
		F1831CBC2A1A5C0E0050D50F /* Pretendard-ExtraBold.otf */ = {isa = PBXFileReference; lastKnownFileType = file; name = "Pretendard-ExtraBold.otf"; path = "../../../Fonts/Pretendard-ExtraBold.otf"; sourceTree = "<group>"; };
		F1831CBD2A1A5C0E0050D50F /* Pretendard-Regular.otf */ = {isa = PBXFileReference; lastKnownFileType = file; name = "Pretendard-Regular.otf"; path = "../../../Fonts/Pretendard-Regular.otf"; sourceTree = "<group>"; };
		F1831CBE2A1A5C0E0050D50F /* Pretendard-Light.otf */ = {isa = PBXFileReference; lastKnownFileType = file; name = "Pretendard-Light.otf"; path = "../../../Fonts/Pretendard-Light.otf"; sourceTree = "<group>"; };
		F1831CBF2A1A5C0E0050D50F /* Pretendard-Black.otf */ = {isa = PBXFileReference; lastKnownFileType = file; name = "Pretendard-Black.otf"; path = "../../../Fonts/Pretendard-Black.otf"; sourceTree = "<group>"; };
		F1831CC02A1A5C0E0050D50F /* Pretendard-Medium.otf */ = {isa = PBXFileReference; lastKnownFileType = file; name = "Pretendard-Medium.otf"; path = "../../../Fonts/Pretendard-Medium.otf"; sourceTree = "<group>"; };
		F1831CC12A1A5C0E0050D50F /* Pretendard-Thin.otf */ = {isa = PBXFileReference; lastKnownFileType = file; name = "Pretendard-Thin.otf"; path = "../../../Fonts/Pretendard-Thin.otf"; sourceTree = "<group>"; };
		F1831CC22A1A5C0E0050D50F /* Pretendard-SemiBold.otf */ = {isa = PBXFileReference; lastKnownFileType = file; name = "Pretendard-SemiBold.otf"; path = "../../../Fonts/Pretendard-SemiBold.otf"; sourceTree = "<group>"; };
		F1831CCC2A1A5E9C0050D50F /* UIFont+.swift */ = {isa = PBXFileReference; lastKnownFileType = sourcecode.swift; path = "UIFont+.swift"; sourceTree = "<group>"; };
		F1831CCF2A1AFA120050D50F /* StyleSet.swift */ = {isa = PBXFileReference; lastKnownFileType = sourcecode.swift; path = StyleSet.swift; sourceTree = "<group>"; };
		F1831CD12A1B0AD30050D50F /* Season.swift */ = {isa = PBXFileReference; lastKnownFileType = sourcecode.swift; path = Season.swift; sourceTree = "<group>"; };
		F1831CD32A1B0B0D0050D50F /* ClothesCategory.swift */ = {isa = PBXFileReference; lastKnownFileType = sourcecode.swift; path = ClothesCategory.swift; sourceTree = "<group>"; };
		F1831CD72A1B0F050050D50F /* ClothesManager.swift */ = {isa = PBXFileReference; lastKnownFileType = sourcecode.swift; path = ClothesManager.swift; sourceTree = "<group>"; };
		F1831CDB2A1B59C10050D50F /* MyClothesViewController.swift */ = {isa = PBXFileReference; lastKnownFileType = sourcecode.swift; path = MyClothesViewController.swift; sourceTree = "<group>"; };
		F1831CDD2A1B59FC0050D50F /* MyStyleSetViewController.swift */ = {isa = PBXFileReference; lastKnownFileType = sourcecode.swift; path = MyStyleSetViewController.swift; sourceTree = "<group>"; };
		F1831CDF2A1B5A3E0050D50F /* TabBarViewController.swift */ = {isa = PBXFileReference; lastKnownFileType = sourcecode.swift; path = TabBarViewController.swift; sourceTree = "<group>"; };
		F1831CE82A1C5C010050D50F /* MyClothesItemCell.swift */ = {isa = PBXFileReference; lastKnownFileType = sourcecode.swift; path = MyClothesItemCell.swift; sourceTree = "<group>"; };
		F1831CEB2A1C6F910050D50F /* ItemFilter.swift */ = {isa = PBXFileReference; lastKnownFileType = sourcecode.swift; path = ItemFilter.swift; sourceTree = "<group>"; };
		F1831CED2A1D237F0050D50F /* MyClothesHeaderView.swift */ = {isa = PBXFileReference; lastKnownFileType = sourcecode.swift; path = MyClothesHeaderView.swift; sourceTree = "<group>"; };
/* End PBXFileReference section */

/* Begin PBXFrameworksBuildPhase section */
		F1188BF22A15EA47002B0835 /* Frameworks */ = {
			isa = PBXFrameworksBuildPhase;
			buildActionMask = 2147483647;
			files = (
				F11D2B242A173B6700BAD3D7 /* SnapKit in Frameworks */,
			);
			runOnlyForDeploymentPostprocessing = 0;
		};
/* End PBXFrameworksBuildPhase section */

/* Begin PBXGroup section */
		F1188BEC2A15EA47002B0835 = {
			isa = PBXGroup;
			children = (
				F1188BF72A15EA47002B0835 /* loganCloset */,
				F1188BF62A15EA47002B0835 /* Products */,
			);
			sourceTree = "<group>";
		};
		F1188BF62A15EA47002B0835 /* Products */ = {
			isa = PBXGroup;
			children = (
				F1188BF52A15EA47002B0835 /* loganCloset.app */,
			);
			name = Products;
			sourceTree = "<group>";
		};
		F1188BF72A15EA47002B0835 /* loganCloset */ = {
			isa = PBXGroup;
			children = (
				F1831CEA2A1C6F4B0050D50F /* Manager */,
				F1188C132A160AE8002B0835 /* Util */,
				F1188C0E2A1608C8002B0835 /* Model */,
				F1188C0F2A1608CB002B0835 /* Scenes */,
				F1831CB92A1A5BC00050D50F /* Font */,
				F1188BF82A15EA47002B0835 /* AppDelegate.swift */,
				F1188BFA2A15EA47002B0835 /* SceneDelegate.swift */,
				F1188C012A15EA48002B0835 /* Assets.xcassets */,
				F1188C032A15EA48002B0835 /* LaunchScreen.storyboard */,
				F1188C062A15EA48002B0835 /* Info.plist */,
			);
			path = loganCloset;
			sourceTree = "<group>";
		};
		F1188C0E2A1608C8002B0835 /* Model */ = {
			isa = PBXGroup;
			children = (
				F1188C112A16090A002B0835 /* Clothes.swift */,
				F1831CCF2A1AFA120050D50F /* StyleSet.swift */,
				F1831CD12A1B0AD30050D50F /* Season.swift */,
				F1831CD32A1B0B0D0050D50F /* ClothesCategory.swift */,
			);
			path = Model;
			sourceTree = "<group>";
		};
		F1188C0F2A1608CB002B0835 /* Scenes */ = {
			isa = PBXGroup;
			children = (
				F1831CDF2A1B5A3E0050D50F /* TabBarViewController.swift */,
				F1831CE12A1C5B390050D50F /* HomeView */,
				F1831CE22A1C5B610050D50F /* MyClothesView */,
				F1831CE32A1C5B740050D50F /* MyStyleSetView */,
			);
			path = Scenes;
			sourceTree = "<group>";
		};
		F1188C102A1608CD002B0835 /* Controller */ = {
			isa = PBXGroup;
			children = (
				F1188BFC2A15EA47002B0835 /* HomeViewController.swift */,
			);
			path = Controller;
			sourceTree = "<group>";
		};
		F1188C132A160AE8002B0835 /* Util */ = {
			isa = PBXGroup;
			children = (
				F1831CEB2A1C6F910050D50F /* ItemFilter.swift */,
				F1831CCE2A1A65810050D50F /* Extension */,
			);
			path = Util;
			sourceTree = "<group>";
		};
		F1831CB92A1A5BC00050D50F /* Font */ = {
			isa = PBXGroup;
			children = (
				F1831CBF2A1A5C0E0050D50F /* Pretendard-Black.otf */,
				F1831CBB2A1A5C0E0050D50F /* Pretendard-Bold.otf */,
				F1831CBC2A1A5C0E0050D50F /* Pretendard-ExtraBold.otf */,
				F1831CBA2A1A5C0E0050D50F /* Pretendard-ExtraLight.otf */,
				F1831CBE2A1A5C0E0050D50F /* Pretendard-Light.otf */,
				F1831CC02A1A5C0E0050D50F /* Pretendard-Medium.otf */,
				F1831CBD2A1A5C0E0050D50F /* Pretendard-Regular.otf */,
				F1831CC22A1A5C0E0050D50F /* Pretendard-SemiBold.otf */,
				F1831CC12A1A5C0E0050D50F /* Pretendard-Thin.otf */,
			);
			path = Font;
			sourceTree = "<group>";
		};
		F1831CCE2A1A65810050D50F /* Extension */ = {
			isa = PBXGroup;
			children = (
				F1831CCC2A1A5E9C0050D50F /* UIFont+.swift */,
			);
			path = Extension;
			sourceTree = "<group>";
		};
		F1831CE12A1C5B390050D50F /* HomeView */ = {
			isa = PBXGroup;
			children = (
				F1188C102A1608CD002B0835 /* Controller */,
			);
			path = HomeView;
			sourceTree = "<group>";
		};
		F1831CE22A1C5B610050D50F /* MyClothesView */ = {
			isa = PBXGroup;
			children = (
				F1831CE42A1C5B890050D50F /* Controller */,
				F1831CE82A1C5C010050D50F /* MyClothesItemCell.swift */,
				F1831CED2A1D237F0050D50F /* MyClothesHeaderView.swift */,
			);
			path = MyClothesView;
			sourceTree = "<group>";
		};
		F1831CE32A1C5B740050D50F /* MyStyleSetView */ = {
			isa = PBXGroup;
			children = (
				F1831CE52A1C5B8F0050D50F /* Controller */,
			);
			path = MyStyleSetView;
			sourceTree = "<group>";
		};
		F1831CE42A1C5B890050D50F /* Controller */ = {
			isa = PBXGroup;
			children = (
				F1831CDB2A1B59C10050D50F /* MyClothesViewController.swift */,
			);
			path = Controller;
			sourceTree = "<group>";
		};
		F1831CE52A1C5B8F0050D50F /* Controller */ = {
			isa = PBXGroup;
			children = (
				F1831CDD2A1B59FC0050D50F /* MyStyleSetViewController.swift */,
			);
			path = Controller;
			sourceTree = "<group>";
		};
		F1831CEA2A1C6F4B0050D50F /* Manager */ = {
			isa = PBXGroup;
			children = (
				F1831CD72A1B0F050050D50F /* ClothesManager.swift */,
			);
			path = Manager;
			sourceTree = "<group>";
		};
/* End PBXGroup section */

/* Begin PBXNativeTarget section */
		F1188BF42A15EA47002B0835 /* loganCloset */ = {
			isa = PBXNativeTarget;
			buildConfigurationList = F1188C092A15EA48002B0835 /* Build configuration list for PBXNativeTarget "loganCloset" */;
			buildPhases = (
				F1188BF12A15EA47002B0835 /* Sources */,
				F1188BF22A15EA47002B0835 /* Frameworks */,
				F1188BF32A15EA47002B0835 /* Resources */,
			);
			buildRules = (
			);
			dependencies = (
			);
			name = loganCloset;
			packageProductDependencies = (
				F11D2B232A173B6700BAD3D7 /* SnapKit */,
			);
			productName = loganCloset;
			productReference = F1188BF52A15EA47002B0835 /* loganCloset.app */;
			productType = "com.apple.product-type.application";
		};
/* End PBXNativeTarget section */

/* Begin PBXProject section */
		F1188BED2A15EA47002B0835 /* Project object */ = {
			isa = PBXProject;
			attributes = {
				BuildIndependentTargetsInParallel = 1;
				LastSwiftUpdateCheck = 1430;
				LastUpgradeCheck = 1430;
				TargetAttributes = {
					F1188BF42A15EA47002B0835 = {
						CreatedOnToolsVersion = 14.3;
					};
				};
			};
			buildConfigurationList = F1188BF02A15EA47002B0835 /* Build configuration list for PBXProject "loganCloset" */;
			compatibilityVersion = "Xcode 14.0";
			developmentRegion = en;
			hasScannedForEncodings = 0;
			knownRegions = (
				en,
				Base,
			);
			mainGroup = F1188BEC2A15EA47002B0835;
			packageReferences = (
				F11D2B222A173B6700BAD3D7 /* XCRemoteSwiftPackageReference "SnapKit" */,
			);
			productRefGroup = F1188BF62A15EA47002B0835 /* Products */;
			projectDirPath = "";
			projectRoot = "";
			targets = (
				F1188BF42A15EA47002B0835 /* loganCloset */,
			);
		};
/* End PBXProject section */

/* Begin PBXResourcesBuildPhase section */
		F1188BF32A15EA47002B0835 /* Resources */ = {
			isa = PBXResourcesBuildPhase;
			buildActionMask = 2147483647;
			files = (
				F1188C052A15EA48002B0835 /* LaunchScreen.storyboard in Resources */,
				F1831CC92A1A5C0E0050D50F /* Pretendard-Medium.otf in Resources */,
				F1831CC72A1A5C0E0050D50F /* Pretendard-Light.otf in Resources */,
				F1831CCB2A1A5C0E0050D50F /* Pretendard-SemiBold.otf in Resources */,
				F1831CC42A1A5C0E0050D50F /* Pretendard-Bold.otf in Resources */,
				F1831CC52A1A5C0E0050D50F /* Pretendard-ExtraBold.otf in Resources */,
				F1831CC82A1A5C0E0050D50F /* Pretendard-Black.otf in Resources */,
				F1188C022A15EA48002B0835 /* Assets.xcassets in Resources */,
				F1831CC62A1A5C0E0050D50F /* Pretendard-Regular.otf in Resources */,
				F1831CC32A1A5C0E0050D50F /* Pretendard-ExtraLight.otf in Resources */,
				F1831CCA2A1A5C0E0050D50F /* Pretendard-Thin.otf in Resources */,
			);
			runOnlyForDeploymentPostprocessing = 0;
		};
/* End PBXResourcesBuildPhase section */

/* Begin PBXSourcesBuildPhase section */
		F1188BF12A15EA47002B0835 /* Sources */ = {
			isa = PBXSourcesBuildPhase;
			buildActionMask = 2147483647;
			files = (
				F1831CD42A1B0B0D0050D50F /* ClothesCategory.swift in Sources */,
				F1831CEC2A1C6F910050D50F /* ItemFilter.swift in Sources */,
				F1831CDC2A1B59C10050D50F /* MyClothesViewController.swift in Sources */,
				F1831CE92A1C5C010050D50F /* MyClothesItemCell.swift in Sources */,
				F1831CD02A1AFA120050D50F /* StyleSet.swift in Sources */,
				F1188BFD2A15EA47002B0835 /* HomeViewController.swift in Sources */,
				F1831CD22A1B0AD30050D50F /* Season.swift in Sources */,
				F1831CEE2A1D237F0050D50F /* MyClothesHeaderView.swift in Sources */,
				F1188BF92A15EA47002B0835 /* AppDelegate.swift in Sources */,
				F1831CCD2A1A5E9C0050D50F /* UIFont+.swift in Sources */,
				F1188C122A16090A002B0835 /* Clothes.swift in Sources */,
				F1831CD82A1B0F050050D50F /* ClothesManager.swift in Sources */,
				F1831CE02A1B5A3E0050D50F /* TabBarViewController.swift in Sources */,
				F1188BFB2A15EA47002B0835 /* SceneDelegate.swift in Sources */,
				F1831CDE2A1B59FC0050D50F /* MyStyleSetViewController.swift in Sources */,
			);
			runOnlyForDeploymentPostprocessing = 0;
		};
/* End PBXSourcesBuildPhase section */

/* Begin PBXVariantGroup section */
		F1188C032A15EA48002B0835 /* LaunchScreen.storyboard */ = {
			isa = PBXVariantGroup;
			children = (
				F1188C042A15EA48002B0835 /* Base */,
			);
			name = LaunchScreen.storyboard;
			sourceTree = "<group>";
		};
/* End PBXVariantGroup section */

/* Begin XCBuildConfiguration section */
		F1188C072A15EA48002B0835 /* Debug */ = {
			isa = XCBuildConfiguration;
			buildSettings = {
				ALWAYS_SEARCH_USER_PATHS = NO;
				CLANG_ANALYZER_NONNULL = YES;
				CLANG_ANALYZER_NUMBER_OBJECT_CONVERSION = YES_AGGRESSIVE;
				CLANG_CXX_LANGUAGE_STANDARD = "gnu++20";
				CLANG_ENABLE_MODULES = YES;
				CLANG_ENABLE_OBJC_ARC = YES;
				CLANG_ENABLE_OBJC_WEAK = YES;
				CLANG_WARN_BLOCK_CAPTURE_AUTORELEASING = YES;
				CLANG_WARN_BOOL_CONVERSION = YES;
				CLANG_WARN_COMMA = YES;
				CLANG_WARN_CONSTANT_CONVERSION = YES;
				CLANG_WARN_DEPRECATED_OBJC_IMPLEMENTATIONS = YES;
				CLANG_WARN_DIRECT_OBJC_ISA_USAGE = YES_ERROR;
				CLANG_WARN_DOCUMENTATION_COMMENTS = YES;
				CLANG_WARN_EMPTY_BODY = YES;
				CLANG_WARN_ENUM_CONVERSION = YES;
				CLANG_WARN_INFINITE_RECURSION = YES;
				CLANG_WARN_INT_CONVERSION = YES;
				CLANG_WARN_NON_LITERAL_NULL_CONVERSION = YES;
				CLANG_WARN_OBJC_IMPLICIT_RETAIN_SELF = YES;
				CLANG_WARN_OBJC_LITERAL_CONVERSION = YES;
				CLANG_WARN_OBJC_ROOT_CLASS = YES_ERROR;
				CLANG_WARN_QUOTED_INCLUDE_IN_FRAMEWORK_HEADER = YES;
				CLANG_WARN_RANGE_LOOP_ANALYSIS = YES;
				CLANG_WARN_STRICT_PROTOTYPES = YES;
				CLANG_WARN_SUSPICIOUS_MOVE = YES;
				CLANG_WARN_UNGUARDED_AVAILABILITY = YES_AGGRESSIVE;
				CLANG_WARN_UNREACHABLE_CODE = YES;
				CLANG_WARN__DUPLICATE_METHOD_MATCH = YES;
				COPY_PHASE_STRIP = NO;
				DEBUG_INFORMATION_FORMAT = dwarf;
				ENABLE_STRICT_OBJC_MSGSEND = YES;
				ENABLE_TESTABILITY = YES;
				GCC_C_LANGUAGE_STANDARD = gnu11;
				GCC_DYNAMIC_NO_PIC = NO;
				GCC_NO_COMMON_BLOCKS = YES;
				GCC_OPTIMIZATION_LEVEL = 0;
				GCC_PREPROCESSOR_DEFINITIONS = (
					"DEBUG=1",
					"$(inherited)",
				);
				GCC_WARN_64_TO_32_BIT_CONVERSION = YES;
				GCC_WARN_ABOUT_RETURN_TYPE = YES_ERROR;
				GCC_WARN_UNDECLARED_SELECTOR = YES;
				GCC_WARN_UNINITIALIZED_AUTOS = YES_AGGRESSIVE;
				GCC_WARN_UNUSED_FUNCTION = YES;
				GCC_WARN_UNUSED_VARIABLE = YES;
				IPHONEOS_DEPLOYMENT_TARGET = 16.4;
				MTL_ENABLE_DEBUG_INFO = INCLUDE_SOURCE;
				MTL_FAST_MATH = YES;
				ONLY_ACTIVE_ARCH = YES;
				SDKROOT = iphoneos;
				SWIFT_ACTIVE_COMPILATION_CONDITIONS = DEBUG;
				SWIFT_OPTIMIZATION_LEVEL = "-Onone";
			};
			name = Debug;
		};
		F1188C082A15EA48002B0835 /* Release */ = {
			isa = XCBuildConfiguration;
			buildSettings = {
				ALWAYS_SEARCH_USER_PATHS = NO;
				CLANG_ANALYZER_NONNULL = YES;
				CLANG_ANALYZER_NUMBER_OBJECT_CONVERSION = YES_AGGRESSIVE;
				CLANG_CXX_LANGUAGE_STANDARD = "gnu++20";
				CLANG_ENABLE_MODULES = YES;
				CLANG_ENABLE_OBJC_ARC = YES;
				CLANG_ENABLE_OBJC_WEAK = YES;
				CLANG_WARN_BLOCK_CAPTURE_AUTORELEASING = YES;
				CLANG_WARN_BOOL_CONVERSION = YES;
				CLANG_WARN_COMMA = YES;
				CLANG_WARN_CONSTANT_CONVERSION = YES;
				CLANG_WARN_DEPRECATED_OBJC_IMPLEMENTATIONS = YES;
				CLANG_WARN_DIRECT_OBJC_ISA_USAGE = YES_ERROR;
				CLANG_WARN_DOCUMENTATION_COMMENTS = YES;
				CLANG_WARN_EMPTY_BODY = YES;
				CLANG_WARN_ENUM_CONVERSION = YES;
				CLANG_WARN_INFINITE_RECURSION = YES;
				CLANG_WARN_INT_CONVERSION = YES;
				CLANG_WARN_NON_LITERAL_NULL_CONVERSION = YES;
				CLANG_WARN_OBJC_IMPLICIT_RETAIN_SELF = YES;
				CLANG_WARN_OBJC_LITERAL_CONVERSION = YES;
				CLANG_WARN_OBJC_ROOT_CLASS = YES_ERROR;
				CLANG_WARN_QUOTED_INCLUDE_IN_FRAMEWORK_HEADER = YES;
				CLANG_WARN_RANGE_LOOP_ANALYSIS = YES;
				CLANG_WARN_STRICT_PROTOTYPES = YES;
				CLANG_WARN_SUSPICIOUS_MOVE = YES;
				CLANG_WARN_UNGUARDED_AVAILABILITY = YES_AGGRESSIVE;
				CLANG_WARN_UNREACHABLE_CODE = YES;
				CLANG_WARN__DUPLICATE_METHOD_MATCH = YES;
				COPY_PHASE_STRIP = NO;
				DEBUG_INFORMATION_FORMAT = "dwarf-with-dsym";
				ENABLE_NS_ASSERTIONS = NO;
				ENABLE_STRICT_OBJC_MSGSEND = YES;
				GCC_C_LANGUAGE_STANDARD = gnu11;
				GCC_NO_COMMON_BLOCKS = YES;
				GCC_WARN_64_TO_32_BIT_CONVERSION = YES;
				GCC_WARN_ABOUT_RETURN_TYPE = YES_ERROR;
				GCC_WARN_UNDECLARED_SELECTOR = YES;
				GCC_WARN_UNINITIALIZED_AUTOS = YES_AGGRESSIVE;
				GCC_WARN_UNUSED_FUNCTION = YES;
				GCC_WARN_UNUSED_VARIABLE = YES;
				IPHONEOS_DEPLOYMENT_TARGET = 16.4;
				MTL_ENABLE_DEBUG_INFO = NO;
				MTL_FAST_MATH = YES;
				SDKROOT = iphoneos;
				SWIFT_COMPILATION_MODE = wholemodule;
				SWIFT_OPTIMIZATION_LEVEL = "-O";
				VALIDATE_PRODUCT = YES;
			};
			name = Release;
		};
		F1188C0A2A15EA48002B0835 /* Debug */ = {
			isa = XCBuildConfiguration;
			buildSettings = {
				ASSETCATALOG_COMPILER_APPICON_NAME = AppIcon;
				ASSETCATALOG_COMPILER_GLOBAL_ACCENT_COLOR_NAME = AccentColor;
				CODE_SIGN_STYLE = Automatic;
				CURRENT_PROJECT_VERSION = 1;
				DEVELOPMENT_TEAM = VZQ7AWT6Y5;
				GENERATE_INFOPLIST_FILE = YES;
				INFOPLIST_FILE = loganCloset/Info.plist;
				INFOPLIST_KEY_UIApplicationSupportsIndirectInputEvents = YES;
				INFOPLIST_KEY_UILaunchStoryboardName = LaunchScreen;
				INFOPLIST_KEY_UISupportedInterfaceOrientations = UIInterfaceOrientationPortrait;
				IPHONEOS_DEPLOYMENT_TARGET = 14.0;
				LD_RUNPATH_SEARCH_PATHS = (
					"$(inherited)",
					"@executable_path/Frameworks",
				);
				MARKETING_VERSION = 1.0;
				PRODUCT_BUNDLE_IDENTIFIER = com.slowook.loganCloset;
				PRODUCT_NAME = "$(TARGET_NAME)";
				SUPPORTED_PLATFORMS = "iphoneos iphonesimulator";
				SUPPORTS_MACCATALYST = NO;
				SUPPORTS_MAC_DESIGNED_FOR_IPHONE_IPAD = NO;
				SWIFT_EMIT_LOC_STRINGS = YES;
				SWIFT_VERSION = 5.0;
				TARGETED_DEVICE_FAMILY = 1;
			};
			name = Debug;
		};
		F1188C0B2A15EA48002B0835 /* Release */ = {
			isa = XCBuildConfiguration;
			buildSettings = {
				ASSETCATALOG_COMPILER_APPICON_NAME = AppIcon;
				ASSETCATALOG_COMPILER_GLOBAL_ACCENT_COLOR_NAME = AccentColor;
				CODE_SIGN_STYLE = Automatic;
				CURRENT_PROJECT_VERSION = 1;
				DEVELOPMENT_TEAM = VZQ7AWT6Y5;
				GENERATE_INFOPLIST_FILE = YES;
				INFOPLIST_FILE = loganCloset/Info.plist;
				INFOPLIST_KEY_UIApplicationSupportsIndirectInputEvents = YES;
				INFOPLIST_KEY_UILaunchStoryboardName = LaunchScreen;
				INFOPLIST_KEY_UISupportedInterfaceOrientations = UIInterfaceOrientationPortrait;
				IPHONEOS_DEPLOYMENT_TARGET = 14.0;
				LD_RUNPATH_SEARCH_PATHS = (
					"$(inherited)",
					"@executable_path/Frameworks",
				);
				MARKETING_VERSION = 1.0;
				PRODUCT_BUNDLE_IDENTIFIER = com.slowook.loganCloset;
				PRODUCT_NAME = "$(TARGET_NAME)";
				SUPPORTED_PLATFORMS = "iphoneos iphonesimulator";
				SUPPORTS_MACCATALYST = NO;
				SUPPORTS_MAC_DESIGNED_FOR_IPHONE_IPAD = NO;
				SWIFT_EMIT_LOC_STRINGS = YES;
				SWIFT_VERSION = 5.0;
				TARGETED_DEVICE_FAMILY = 1;
			};
			name = Release;
		};
/* End XCBuildConfiguration section */

/* Begin XCConfigurationList section */
		F1188BF02A15EA47002B0835 /* Build configuration list for PBXProject "loganCloset" */ = {
			isa = XCConfigurationList;
			buildConfigurations = (
				F1188C072A15EA48002B0835 /* Debug */,
				F1188C082A15EA48002B0835 /* Release */,
			);
			defaultConfigurationIsVisible = 0;
			defaultConfigurationName = Release;
		};
		F1188C092A15EA48002B0835 /* Build configuration list for PBXNativeTarget "loganCloset" */ = {
			isa = XCConfigurationList;
			buildConfigurations = (
				F1188C0A2A15EA48002B0835 /* Debug */,
				F1188C0B2A15EA48002B0835 /* Release */,
			);
			defaultConfigurationIsVisible = 0;
			defaultConfigurationName = Release;
		};
/* End XCConfigurationList section */

/* Begin XCRemoteSwiftPackageReference section */
		F11D2B222A173B6700BAD3D7 /* XCRemoteSwiftPackageReference "SnapKit" */ = {
			isa = XCRemoteSwiftPackageReference;
			repositoryURL = "https://github.com/SnapKit/SnapKit.git";
			requirement = {
				kind = upToNextMajorVersion;
				minimumVersion = 5.0.1;
			};
		};
/* End XCRemoteSwiftPackageReference section */

/* Begin XCSwiftPackageProductDependency section */
		F11D2B232A173B6700BAD3D7 /* SnapKit */ = {
			isa = XCSwiftPackageProductDependency;
			package = F11D2B222A173B6700BAD3D7 /* XCRemoteSwiftPackageReference "SnapKit" */;
			productName = SnapKit;
		};
/* End XCSwiftPackageProductDependency section */
	};
	rootObject = F1188BED2A15EA47002B0835 /* Project object */;
}
